
Microsoft Visual Studio Solution File, Format Version 12.00
# Visual Studio Version 16
VisualStudioVersion = 16.0.33927.289
MinimumVisualStudioVersion = 10.0.40219.1
Project("{2150E333-8FDC-42A3-9474-1A3956D46DE8}") = "Task0", "Task0", "{4E1E93AA-3399-41D7-9412-AB7E3D2F6C37}"
EndProject
Project("{FAE04EC0-301F-11D3-BF4B-00C04F79EFBC}") = "Tyuiu.KulakovEE.Sprint0.Task0.V0", "Tyuiu.KulakovEE.Sprint0.Task0.V0\Tyuiu.KulakovEE.Sprint0.Task0.V0.csproj", "{93DE491B-153F-4570-A4DF-403AB3F140D9}"
EndProject
Project("{2150E333-8FDC-42A3-9474-1A3956D46DE8}") = "Task1", "Task1", "{EBD993BF-3D98-49B8-B598-76E7C927D1CC}"
EndProject
Project("{FAE04EC0-301F-11D3-BF4B-00C04F79EFBC}") = "Tyuiu.KulakovEE.Sprint0.Task1.V0", "Tyuiu.KulakovEE.Sprint0.Task1.V0\Tyuiu.KulakovEE.Sprint0.Task1.V0.csproj", "{08ADFC3F-746A-4008-B87B-E3DBB4BDBD8A}"
EndProject
Project("{2150E333-8FDC-42A3-9474-1A3956D46DE8}") = "Task2", "Task2", "{78C9DCCB-5B67-40F9-AB88-506996234D5A}"
EndProject
Project("{FAE04EC0-301F-11D3-BF4B-00C04F79EFBC}") = "Tyuiu.KulakovEE.Sprint0.Task2.V0", "Tyuiu.KulakovEE.Sprint0.Task2.V0\Tyuiu.KulakovEE.Sprint0.Task2.V0.csproj", "{BE95740C-1AD0-4D04-AE7C-CCCD319F234A}"
EndProject
Project("{FAE04EC0-301F-11D3-BF4B-00C04F79EFBC}") = "Tyuiu.KulakovEE.Sprint0.Task2.V0.Lib", "Tyuiu.KulakovEE.Sprint0.Task2.V0.Lib\Tyuiu.KulakovEE.Sprint0.Task2.V0.Lib.csproj", "{E95DC7F9-A2E2-44B5-AADC-4DBA762703DA}"
EndProject
Project("{FAE04EC0-301F-11D3-BF4B-00C04F79EFBC}") = "Tyuiu.KulakovEE.Sprint0.Task2.V0.Test", "Tyuiu.KulakovEE.Sprint0.Task2.V0.Test\Tyuiu.KulakovEE.Sprint0.Task2.V0.Test.csproj", "{7ED19701-E283-497C-8909-D67D56C48DC9}"
EndProject
Project("{2150E333-8FDC-42A3-9474-1A3956D46DE8}") = "Task3", "Task3", "{EECF9E3D-4BCB-4AB0-987C-913957918480}"
EndProject
Project("{FAE04EC0-301F-11D3-BF4B-00C04F79EFBC}") = "Tyuiu.KulakovEE.Sprint0.Task3.V0.Test", "Tyuiu.KulakovEE.Sprint0.Task3.V0.Test\Tyuiu.KulakovEE.Sprint0.Task3.V0.Test.csproj", "{7E34A868-CAE3-4C9D-B2FA-CF541E5E1E57}"
EndProject
Project("{FAE04EC0-301F-11D3-BF4B-00C04F79EFBC}") = "Tyuiu.KulakovEE.Sprint0.Task3.V0.Lib", "Tyuiu.KulakovEE.Sprint0.Task3.V0.Lib\Tyuiu.KulakovEE.Sprint0.Task3.V0.Lib.csproj", "{61B2F4AC-FB9E-4146-AE6A-C6BEFD67CCB8}"
EndProject
Project("{FAE04EC0-301F-11D3-BF4B-00C04F79EFBC}") = "Tyuiu.KulakovEE.Sprint0.Task3.V0", "Tyuiu.KulakovEE.Sprint0.Task3.V0\Tyuiu.KulakovEE.Sprint0.Task3.V0.csproj", "{859CEC92-EC55-4F4D-8306-6F026630F3EB}"
EndProject
Project("{2150E333-8FDC-42A3-9474-1A3956D46DE8}") = "Task4", "Task4", "{C8C6BD30-2EDE-4CFA-BA2B-F2DD84EA0297}"
EndProject
Project("{FAE04EC0-301F-11D3-BF4B-00C04F79EFBC}") = "Tyuiu.KulakovEE.Sprint0.Task4.V0", "Tyuiu.KulakovEE.Sprint0.Task4.V0\Tyuiu.KulakovEE.Sprint0.Task4.V0.csproj", "{697F746F-0E11-4913-9A1C-4900986A9A91}"
EndProject
Project("{FAE04EC0-301F-11D3-BF4B-00C04F79EFBC}") = "Tyuiu.KulakovEE.Sprint0.Task4.V0.Test", "Tyuiu.KulakovEE.Sprint0.Task4.V0.Test\Tyuiu.KulakovEE.Sprint0.Task4.V0.Test.csproj", "{4701625C-963F-4D3D-A68D-37BDF4C518E8}"
EndProject
Project("{FAE04EC0-301F-11D3-BF4B-00C04F79EFBC}") = "Tyuiu.KulakovEE.Sprint0.Task4.V0.Lib", "Tyuiu.KulakovEE.Sprint0.Task4.V0.Lib\Tyuiu.KulakovEE.Sprint0.Task4.V0.Lib.csproj", "{239C46C4-C6F8-4796-8317-916274D21F73}"
EndProject
Project("{2150E333-8FDC-42A3-9474-1A3956D46DE8}") = "Task5", "Task5", "{370D3F3D-68AB-40D4-933D-178A463628CF}"
EndProject
Project("{FAE04EC0-301F-11D3-BF4B-00C04F79EFBC}") = "Tyuiu.KulakovEE.Sprint0.Task5.V0", "Tyuiu.KulakovEE.Sprint0.Task5.V0\Tyuiu.KulakovEE.Sprint0.Task5.V0.csproj", "{A190458B-3681-444A-8EA5-02BAA3620886}"
EndProject
Project("{FAE04EC0-301F-11D3-BF4B-00C04F79EFBC}") = "Tyuiu.KulakovEE.Sprint0.Task5.V0.Lib", "Tyuiu.KulakovEE.Sprint0.Task5.V0.Lib\Tyuiu.KulakovEE.Sprint0.Task5.V0.Lib.csproj", "{8934AA63-E059-4D29-AA57-16614D579BB3}"
EndProject
Project("{FAE04EC0-301F-11D3-BF4B-00C04F79EFBC}") = "Tyuiu.KulakovEE.Sprint0.Task5.V0.Test", "Tyuiu.KulakovEE.Sprint0.Task5.V0.Test\Tyuiu.KulakovEE.Sprint0.Task5.V0.Test.csproj", "{0FF01354-0CC4-4EBF-82C8-4ABE73FC4DFB}"
EndProject
Project("{2150E333-8FDC-42A3-9474-1A3956D46DE8}") = "Task6", "Task6", "{47682027-035A-4DD0-83BD-602374027A98}"
EndProject
Project("{FAE04EC0-301F-11D3-BF4B-00C04F79EFBC}") = "Tyuiu.KulakovEE.Sprint0.Task6.V0.Test", "Tyuiu.KulakovEE.Sprint0.Task6.V0.Test\Tyuiu.KulakovEE.Sprint0.Task6.V0.Test.csproj", "{48CBD9A1-2FB7-4995-91ED-1BD89E240253}"
EndProject
Project("{FAE04EC0-301F-11D3-BF4B-00C04F79EFBC}") = "Tyuiu.KulakovEE.Sprint0.Task6.V0", "Tyuiu.KulakovEE.Sprint0.Task6.V0\Tyuiu.KulakovEE.Sprint0.Task6.V0.csproj", "{DCCBC31A-6D93-46ED-8712-BA1993745B4C}"
EndProject
Project("{FAE04EC0-301F-11D3-BF4B-00C04F79EFBC}") = "Tyuiu.KulakovEE.Sprint0.Task6.V0.Lib", "Tyuiu.KulakovEE.Sprint0.Task6.V0.Lib\Tyuiu.KulakovEE.Sprint0.Task6.V0.Lib.csproj", "{3947CFB6-7F5B-46E9-9BBA-B9CF5D095563}"
EndProject
Global
	GlobalSection(SolutionConfigurationPlatforms) = preSolution
		Debug|Any CPU = Debug|Any CPU
		Release|Any CPU = Release|Any CPU
	EndGlobalSection
	GlobalSection(ProjectConfigurationPlatforms) = postSolution
		{93DE491B-153F-4570-A4DF-403AB3F140D9}.Debug|Any CPU.ActiveCfg = Debug|Any CPU
		{93DE491B-153F-4570-A4DF-403AB3F140D9}.Debug|Any CPU.Build.0 = Debug|Any CPU
		{93DE491B-153F-4570-A4DF-403AB3F140D9}.Release|Any CPU.ActiveCfg = Release|Any CPU
		{93DE491B-153F-4570-A4DF-403AB3F140D9}.Release|Any CPU.Build.0 = Release|Any CPU
		{08ADFC3F-746A-4008-B87B-E3DBB4BDBD8A}.Debug|Any CPU.ActiveCfg = Debug|Any CPU
		{08ADFC3F-746A-4008-B87B-E3DBB4BDBD8A}.Debug|Any CPU.Build.0 = Debug|Any CPU
		{08ADFC3F-746A-4008-B87B-E3DBB4BDBD8A}.Release|Any CPU.ActiveCfg = Release|Any CPU
		{08ADFC3F-746A-4008-B87B-E3DBB4BDBD8A}.Release|Any CPU.Build.0 = Release|Any CPU
		{BE95740C-1AD0-4D04-AE7C-CCCD319F234A}.Debug|Any CPU.ActiveCfg = Debug|Any CPU
		{BE95740C-1AD0-4D04-AE7C-CCCD319F234A}.Debug|Any CPU.Build.0 = Debug|Any CPU
		{BE95740C-1AD0-4D04-AE7C-CCCD319F234A}.Release|Any CPU.ActiveCfg = Release|Any CPU
		{BE95740C-1AD0-4D04-AE7C-CCCD319F234A}.Release|Any CPU.Build.0 = Release|Any CPU
		{E95DC7F9-A2E2-44B5-AADC-4DBA762703DA}.Debug|Any CPU.ActiveCfg = Debug|Any CPU
		{E95DC7F9-A2E2-44B5-AADC-4DBA762703DA}.Debug|Any CPU.Build.0 = Debug|Any CPU
		{E95DC7F9-A2E2-44B5-AADC-4DBA762703DA}.Release|Any CPU.ActiveCfg = Release|Any CPU
		{E95DC7F9-A2E2-44B5-AADC-4DBA762703DA}.Release|Any CPU.Build.0 = Release|Any CPU
		{7ED19701-E283-497C-8909-D67D56C48DC9}.Debug|Any CPU.ActiveCfg = Debug|Any CPU
		{7ED19701-E283-497C-8909-D67D56C48DC9}.Debug|Any CPU.Build.0 = Debug|Any CPU
		{7ED19701-E283-497C-8909-D67D56C48DC9}.Release|Any CPU.ActiveCfg = Release|Any CPU
		{7ED19701-E283-497C-8909-D67D56C48DC9}.Release|Any CPU.Build.0 = Release|Any CPU
		{7E34A868-CAE3-4C9D-B2FA-CF541E5E1E57}.Debug|Any CPU.ActiveCfg = Debug|Any CPU
		{7E34A868-CAE3-4C9D-B2FA-CF541E5E1E57}.Debug|Any CPU.Build.0 = Debug|Any CPU
		{7E34A868-CAE3-4C9D-B2FA-CF541E5E1E57}.Release|Any CPU.ActiveCfg = Release|Any CPU
		{7E34A868-CAE3-4C9D-B2FA-CF541E5E1E57}.Release|Any CPU.Build.0 = Release|Any CPU
		{61B2F4AC-FB9E-4146-AE6A-C6BEFD67CCB8}.Debug|Any CPU.ActiveCfg = Debug|Any CPU
		{61B2F4AC-FB9E-4146-AE6A-C6BEFD67CCB8}.Debug|Any CPU.Build.0 = Debug|Any CPU
		{61B2F4AC-FB9E-4146-AE6A-C6BEFD67CCB8}.Release|Any CPU.ActiveCfg = Release|Any CPU
		{61B2F4AC-FB9E-4146-AE6A-C6BEFD67CCB8}.Release|Any CPU.Build.0 = Release|Any CPU
		{859CEC92-EC55-4F4D-8306-6F026630F3EB}.Debug|Any CPU.ActiveCfg = Debug|Any CPU
		{859CEC92-EC55-4F4D-8306-6F026630F3EB}.Debug|Any CPU.Build.0 = Debug|Any CPU
		{859CEC92-EC55-4F4D-8306-6F026630F3EB}.Release|Any CPU.ActiveCfg = Release|Any CPU
		{859CEC92-EC55-4F4D-8306-6F026630F3EB}.Release|Any CPU.Build.0 = Release|Any CPU
		{697F746F-0E11-4913-9A1C-4900986A9A91}.Debug|Any CPU.ActiveCfg = Debug|Any CPU
		{697F746F-0E11-4913-9A1C-4900986A9A91}.Debug|Any CPU.Build.0 = Debug|Any CPU
		{697F746F-0E11-4913-9A1C-4900986A9A91}.Release|Any CPU.ActiveCfg = Release|Any CPU
		{697F746F-0E11-4913-9A1C-4900986A9A91}.Release|Any CPU.Build.0 = Release|Any CPU
		{4701625C-963F-4D3D-A68D-37BDF4C518E8}.Debug|Any CPU.ActiveCfg = Debug|Any CPU
		{4701625C-963F-4D3D-A68D-37BDF4C518E8}.Debug|Any CPU.Build.0 = Debug|Any CPU
		{4701625C-963F-4D3D-A68D-37BDF4C518E8}.Release|Any CPU.ActiveCfg = Release|Any CPU
		{4701625C-963F-4D3D-A68D-37BDF4C518E8}.Release|Any CPU.Build.0 = Release|Any CPU
		{239C46C4-C6F8-4796-8317-916274D21F73}.Debug|Any CPU.ActiveCfg = Debug|Any CPU
		{239C46C4-C6F8-4796-8317-916274D21F73}.Debug|Any CPU.Build.0 = Debug|Any CPU
		{239C46C4-C6F8-4796-8317-916274D21F73}.Release|Any CPU.ActiveCfg = Release|Any CPU
		{239C46C4-C6F8-4796-8317-916274D21F73}.Release|Any CPU.Build.0 = Release|Any CPU
		{A190458B-3681-444A-8EA5-02BAA3620886}.Debug|Any CPU.ActiveCfg = Debug|Any CPU
		{A190458B-3681-444A-8EA5-02BAA3620886}.Debug|Any CPU.Build.0 = Debug|Any CPU
		{A190458B-3681-444A-8EA5-02BAA3620886}.Release|Any CPU.ActiveCfg = Release|Any CPU
		{A190458B-3681-444A-8EA5-02BAA3620886}.Release|Any CPU.Build.0 = Release|Any CPU
		{8934AA63-E059-4D29-AA57-16614D579BB3}.Debug|Any CPU.ActiveCfg = Debug|Any CPU
		{8934AA63-E059-4D29-AA57-16614D579BB3}.Debug|Any CPU.Build.0 = Debug|Any CPU
		{8934AA63-E059-4D29-AA57-16614D579BB3}.Release|Any CPU.ActiveCfg = Release|Any CPU
		{8934AA63-E059-4D29-AA57-16614D579BB3}.Release|Any CPU.Build.0 = Release|Any CPU
		{0FF01354-0CC4-4EBF-82C8-4ABE73FC4DFB}.Debug|Any CPU.ActiveCfg = Debug|Any CPU
		{0FF01354-0CC4-4EBF-82C8-4ABE73FC4DFB}.Debug|Any CPU.Build.0 = Debug|Any CPU
		{0FF01354-0CC4-4EBF-82C8-4ABE73FC4DFB}.Release|Any CPU.ActiveCfg = Release|Any CPU
		{0FF01354-0CC4-4EBF-82C8-4ABE73FC4DFB}.Release|Any CPU.Build.0 = Release|Any CPU
		{48CBD9A1-2FB7-4995-91ED-1BD89E240253}.Debug|Any CPU.ActiveCfg = Debug|Any CPU
		{48CBD9A1-2FB7-4995-91ED-1BD89E240253}.Debug|Any CPU.Build.0 = Debug|Any CPU
		{48CBD9A1-2FB7-4995-91ED-1BD89E240253}.Release|Any CPU.ActiveCfg = Release|Any CPU
		{48CBD9A1-2FB7-4995-91ED-1BD89E240253}.Release|Any CPU.Build.0 = Release|Any CPU
		{DCCBC31A-6D93-46ED-8712-BA1993745B4C}.Debug|Any CPU.ActiveCfg = Debug|Any CPU
		{DCCBC31A-6D93-46ED-8712-BA1993745B4C}.Debug|Any CPU.Build.0 = Debug|Any CPU
		{DCCBC31A-6D93-46ED-8712-BA1993745B4C}.Release|Any CPU.ActiveCfg = Release|Any CPU
		{DCCBC31A-6D93-46ED-8712-BA1993745B4C}.Release|Any CPU.Build.0 = Release|Any CPU
		{3947CFB6-7F5B-46E9-9BBA-B9CF5D095563}.Debug|Any CPU.ActiveCfg = Debug|Any CPU
		{3947CFB6-7F5B-46E9-9BBA-B9CF5D095563}.Debug|Any CPU.Build.0 = Debug|Any CPU
		{3947CFB6-7F5B-46E9-9BBA-B9CF5D095563}.Release|Any CPU.ActiveCfg = Release|Any CPU
		{3947CFB6-7F5B-46E9-9BBA-B9CF5D095563}.Release|Any CPU.Build.0 = Release|Any CPU
	EndGlobalSection
	GlobalSection(SolutionProperties) = preSolution
		HideSolutionNode = FALSE
	EndGlobalSection
	GlobalSection(NestedProjects) = preSolution
		{93DE491B-153F-4570-A4DF-403AB3F140D9} = {4E1E93AA-3399-41D7-9412-AB7E3D2F6C37}
		{08ADFC3F-746A-4008-B87B-E3DBB4BDBD8A} = {EBD993BF-3D98-49B8-B598-76E7C927D1CC}
		{BE95740C-1AD0-4D04-AE7C-CCCD319F234A} = {78C9DCCB-5B67-40F9-AB88-506996234D5A}
		{E95DC7F9-A2E2-44B5-AADC-4DBA762703DA} = {78C9DCCB-5B67-40F9-AB88-506996234D5A}
		{7ED19701-E283-497C-8909-D67D56C48DC9} = {78C9DCCB-5B67-40F9-AB88-506996234D5A}
		{7E34A868-CAE3-4C9D-B2FA-CF541E5E1E57} = {EECF9E3D-4BCB-4AB0-987C-913957918480}
		{61B2F4AC-FB9E-4146-AE6A-C6BEFD67CCB8} = {EECF9E3D-4BCB-4AB0-987C-913957918480}
		{859CEC92-EC55-4F4D-8306-6F026630F3EB} = {EECF9E3D-4BCB-4AB0-987C-913957918480}
		{697F746F-0E11-4913-9A1C-4900986A9A91} = {C8C6BD30-2EDE-4CFA-BA2B-F2DD84EA0297}
		{4701625C-963F-4D3D-A68D-37BDF4C518E8} = {C8C6BD30-2EDE-4CFA-BA2B-F2DD84EA0297}
		{239C46C4-C6F8-4796-8317-916274D21F73} = {C8C6BD30-2EDE-4CFA-BA2B-F2DD84EA0297}
		{A190458B-3681-444A-8EA5-02BAA3620886} = {370D3F3D-68AB-40D4-933D-178A463628CF}
		{8934AA63-E059-4D29-AA57-16614D579BB3} = {370D3F3D-68AB-40D4-933D-178A463628CF}
		{0FF01354-0CC4-4EBF-82C8-4ABE73FC4DFB} = {370D3F3D-68AB-40D4-933D-178A463628CF}
		{48CBD9A1-2FB7-4995-91ED-1BD89E240253} = {47682027-035A-4DD0-83BD-602374027A98}
		{DCCBC31A-6D93-46ED-8712-BA1993745B4C} = {47682027-035A-4DD0-83BD-602374027A98}
		{3947CFB6-7F5B-46E9-9BBA-B9CF5D095563} = {47682027-035A-4DD0-83BD-602374027A98}
	EndGlobalSection
	GlobalSection(ExtensibilityGlobals) = postSolution
		SolutionGuid = {900422BD-BC37-45D3-BDFD-B722B4D6E918}
	EndGlobalSection
EndGlobal
