
Microsoft Visual Studio Solution File, Format Version 12.00
# Visual Studio Version 16
VisualStudioVersion = 16.0.33927.289
MinimumVisualStudioVersion = 10.0.40219.1
Project("{2150E333-8FDC-42A3-9474-1A3956D46DE8}") = "Task0", "Task0", "{4E1E93AA-3399-41D7-9412-AB7E3D2F6C37}"
EndProject
Project("{FAE04EC0-301F-11D3-BF4B-00C04F79EFBC}") = "Tyuiu.KulakovEE.Sprint0.Task0.V0", "Tyuiu.KulakovEE.Sprint0.Task0.V0\Tyuiu.KulakovEE.Sprint0.Task0.V0.csproj", "{93DE491B-153F-4570-A4DF-403AB3F140D9}"
EndProject
Project("{2150E333-8FDC-42A3-9474-1A3956D46DE8}") = "Task1", "Task1", "{EBD993BF-3D98-49B8-B598-76E7C927D1CC}"
EndProject
Project("{FAE04EC0-301F-11D3-BF4B-00C04F79EFBC}") = "Tyuiu.KulakovEE.Sprint0.Task1.V0", "Tyuiu.KulakovEE.Sprint0.Task1.V0\Tyuiu.KulakovEE.Sprint0.Task1.V0.csproj", "{08ADFC3F-746A-4008-B87B-E3DBB4BDBD8A}"
EndProject
Global
	GlobalSection(SolutionConfigurationPlatforms) = preSolution
		Debug|Any CPU = Debug|Any CPU
		Release|Any CPU = Release|Any CPU
	EndGlobalSection
	GlobalSection(ProjectConfigurationPlatforms) = postSolution
		{93DE491B-153F-4570-A4DF-403AB3F140D9}.Debug|Any CPU.ActiveCfg = Debug|Any CPU
		{93DE491B-153F-4570-A4DF-403AB3F140D9}.Debug|Any CPU.Build.0 = Debug|Any CPU
		{93DE491B-153F-4570-A4DF-403AB3F140D9}.Release|Any CPU.ActiveCfg = Release|Any CPU
		{93DE491B-153F-4570-A4DF-403AB3F140D9}.Release|Any CPU.Build.0 = Release|Any CPU
		{08ADFC3F-746A-4008-B87B-E3DBB4BDBD8A}.Debug|Any CPU.ActiveCfg = Debug|Any CPU
		{08ADFC3F-746A-4008-B87B-E3DBB4BDBD8A}.Debug|Any CPU.Build.0 = Debug|Any CPU
		{08ADFC3F-746A-4008-B87B-E3DBB4BDBD8A}.Release|Any CPU.ActiveCfg = Release|Any CPU
		{08ADFC3F-746A-4008-B87B-E3DBB4BDBD8A}.Release|Any CPU.Build.0 = Release|Any CPU
	EndGlobalSection
	GlobalSection(SolutionProperties) = preSolution
		HideSolutionNode = FALSE
	EndGlobalSection
	GlobalSection(NestedProjects) = preSolution
		{93DE491B-153F-4570-A4DF-403AB3F140D9} = {4E1E93AA-3399-41D7-9412-AB7E3D2F6C37}
		{08ADFC3F-746A-4008-B87B-E3DBB4BDBD8A} = {EBD993BF-3D98-49B8-B598-76E7C927D1CC}
	EndGlobalSection
	GlobalSection(ExtensibilityGlobals) = postSolution
		SolutionGuid = {900422BD-BC37-45D3-BDFD-B722B4D6E918}
	EndGlobalSection
EndGlobal
